// !$*UTF8*$!
{
	archiveVersion = 1;
	classes = {
	};
	objectVersion = 56;
	objects = {

/* Begin PBXBuildFile section */
		C1CA35022AB2EA7F00045417 /* HomeSliderModel.swift in Sources */ = {isa = PBXBuildFile; fileRef = C1CA35012AB2EA7F00045417 /* HomeSliderModel.swift */; };
		C1CA35042AB2EC7E00045417 /* TopTripsModel.swift in Sources */ = {isa = PBXBuildFile; fileRef = C1CA35032AB2EC7E00045417 /* TopTripsModel.swift */; };
		C1CA35062AB2ED8400045417 /* TopGuidesModel.swift in Sources */ = {isa = PBXBuildFile; fileRef = C1CA35052AB2ED8400045417 /* TopGuidesModel.swift */; };
		C1CA35092AB2FF4300045417 /* TripDetailsEndPoint.swift in Sources */ = {isa = PBXBuildFile; fileRef = C1CA35082AB2FF4300045417 /* TripDetailsEndPoint.swift */; };
		C1CA350B2AB2FF5300045417 /* TourGuideDetailsEndPoint.swift in Sources */ = {isa = PBXBuildFile; fileRef = C1CA350A2AB2FF5300045417 /* TourGuideDetailsEndPoint.swift */; };
		C1CA350E2AB300EC00045417 /* TripDetailsModel.swift in Sources */ = {isa = PBXBuildFile; fileRef = C1CA350D2AB300EC00045417 /* TripDetailsModel.swift */; };
		C1CA35102AB3010300045417 /* TourGuideDetailsModel.swift in Sources */ = {isa = PBXBuildFile; fileRef = C1CA350F2AB3010300045417 /* TourGuideDetailsModel.swift */; };
		C1CA35132AB3019300045417 /* TripDetailsServices.swift in Sources */ = {isa = PBXBuildFile; fileRef = C1CA35122AB3019300045417 /* TripDetailsServices.swift */; };
		C1CA35152AB301B600045417 /* TourGuideDetailsServices.swift in Sources */ = {isa = PBXBuildFile; fileRef = C1CA35142AB301B600045417 /* TourGuideDetailsServices.swift */; };
		C1CA35182AB3023100045417 /* TripDetailsViewModel.swift in Sources */ = {isa = PBXBuildFile; fileRef = C1CA35172AB3023100045417 /* TripDetailsViewModel.swift */; };
		C1CA351A2AB3026300045417 /* TourGuideDetailsViewModel.swift in Sources */ = {isa = PBXBuildFile; fileRef = C1CA35192AB3026300045417 /* TourGuideDetailsViewModel.swift */; };
		CC0A1C922AAE5DD600CF678D /* TourGuideView.swift in Sources */ = {isa = PBXBuildFile; fileRef = CC0A1C912AAE5DD600CF678D /* TourGuideView.swift */; };
		CC0A1C9C2AAE695700CF678D /* Cairo-Regular.ttf in Resources */ = {isa = PBXBuildFile; fileRef = CC0A1C942AAE695600CF678D /* Cairo-Regular.ttf */; };
		CC0A1C9D2AAE695700CF678D /* Cairo-SemiBold.ttf in Resources */ = {isa = PBXBuildFile; fileRef = CC0A1C952AAE695600CF678D /* Cairo-SemiBold.ttf */; };
		CC0A1C9E2AAE695700CF678D /* Cairo-Medium.ttf in Resources */ = {isa = PBXBuildFile; fileRef = CC0A1C962AAE695600CF678D /* Cairo-Medium.ttf */; };
		CC0A1C9F2AAE695700CF678D /* Cairo-Black.ttf in Resources */ = {isa = PBXBuildFile; fileRef = CC0A1C972AAE695600CF678D /* Cairo-Black.ttf */; };
		CC0A1CA02AAE695700CF678D /* Cairo-ExtraBold.ttf in Resources */ = {isa = PBXBuildFile; fileRef = CC0A1C982AAE695600CF678D /* Cairo-ExtraBold.ttf */; };
		CC0A1CA12AAE695700CF678D /* Cairo-ExtraLight.ttf in Resources */ = {isa = PBXBuildFile; fileRef = CC0A1C992AAE695700CF678D /* Cairo-ExtraLight.ttf */; };
		CC0A1CA22AAE695700CF678D /* Cairo-Bold.ttf in Resources */ = {isa = PBXBuildFile; fileRef = CC0A1C9A2AAE695700CF678D /* Cairo-Bold.ttf */; };
		CC0A1CA32AAE695700CF678D /* Cairo-Light.ttf in Resources */ = {isa = PBXBuildFile; fileRef = CC0A1C9B2AAE695700CF678D /* Cairo-Light.ttf */; };
		CC0A1CA52AAE699F00CF678D /* NotoSansEgyptianHieroglyphs-Regular.ttf in Resources */ = {isa = PBXBuildFile; fileRef = CC0A1CA42AAE699F00CF678D /* NotoSansEgyptianHieroglyphs-Regular.ttf */; };
		CC0A1CAA2AAEBA5000CF678D /* ToursView.swift in Sources */ = {isa = PBXBuildFile; fileRef = CC0A1CA92AAEBA5000CF678D /* ToursView.swift */; };
		CC0A1CAC2AAEBBC500CF678D /* SlideShow.swift in Sources */ = {isa = PBXBuildFile; fileRef = CC0A1CAB2AAEBBC500CF678D /* SlideShow.swift */; };
		CC0A1CB22AAFB11300CF678D /* HomeModel.swift in Sources */ = {isa = PBXBuildFile; fileRef = CC0A1CB12AAFB11300CF678D /* HomeModel.swift */; };
		CC0A1CB42AAFB13100CF678D /* LoginModel.swift in Sources */ = {isa = PBXBuildFile; fileRef = CC0A1CB32AAFB13100CF678D /* LoginModel.swift */; };
		CC0A1CB62AAFB15400CF678D /* RegisterModel.swift in Sources */ = {isa = PBXBuildFile; fileRef = CC0A1CB52AAFB15400CF678D /* RegisterModel.swift */; };
		CC0A1CB92AAFB2F200CF678D /* HomeViewModel.swift in Sources */ = {isa = PBXBuildFile; fileRef = CC0A1CB82AAFB2F200CF678D /* HomeViewModel.swift */; };
		CC0A1CBC2AAFB32200CF678D /* LoginViewModel.swift in Sources */ = {isa = PBXBuildFile; fileRef = CC0A1CBB2AAFB32200CF678D /* LoginViewModel.swift */; };
		CC0A1CBF2AAFB33400CF678D /* SignupViewModel.swift in Sources */ = {isa = PBXBuildFile; fileRef = CC0A1CBE2AAFB33400CF678D /* SignupViewModel.swift */; };
		CC0A1CD32AAFB41900CF678D /* RegisterEndPoint.swift in Sources */ = {isa = PBXBuildFile; fileRef = CC0A1CC42AAFB41900CF678D /* RegisterEndPoint.swift */; };
		CC0A1CD42AAFB41900CF678D /* LoginEndPoint.swift in Sources */ = {isa = PBXBuildFile; fileRef = CC0A1CC52AAFB41900CF678D /* LoginEndPoint.swift */; };
		CC0A1CD52AAFB41900CF678D /* HomeEndPoint.swift in Sources */ = {isa = PBXBuildFile; fileRef = CC0A1CC62AAFB41900CF678D /* HomeEndPoint.swift */; };
		CC0A1CD62AAFB41900CF678D /* EndPoint.swift in Sources */ = {isa = PBXBuildFile; fileRef = CC0A1CC72AAFB41900CF678D /* EndPoint.swift */; };
		CC0A1CD72AAFB41900CF678D /* HTTPMethod.swift in Sources */ = {isa = PBXBuildFile; fileRef = CC0A1CC92AAFB41900CF678D /* HTTPMethod.swift */; };
		CC0A1CD82AAFB41900CF678D /* HTTPClient.swift in Sources */ = {isa = PBXBuildFile; fileRef = CC0A1CCA2AAFB41900CF678D /* HTTPClient.swift */; };
		CC0A1CD92AAFB41900CF678D /* RequestError.swift in Sources */ = {isa = PBXBuildFile; fileRef = CC0A1CCB2AAFB41900CF678D /* RequestError.swift */; };
		CC0A1CDA2AAFB41900CF678D /* HomeServices.swift in Sources */ = {isa = PBXBuildFile; fileRef = CC0A1CCD2AAFB41900CF678D /* HomeServices.swift */; };
		CC0A1CDC2AAFB41900CF678D /* LoginServices.swift in Sources */ = {isa = PBXBuildFile; fileRef = CC0A1CCF2AAFB41900CF678D /* LoginServices.swift */; };
		CC0A1CDE2AAFB41900CF678D /* RegisterServices.swift in Sources */ = {isa = PBXBuildFile; fileRef = CC0A1CD12AAFB41900CF678D /* RegisterServices.swift */; };
		CC0A1CE12AB04E8C00CF678D /* TourCardExtended.swift in Sources */ = {isa = PBXBuildFile; fileRef = CC0A1CE02AB04E8C00CF678D /* TourCardExtended.swift */; };
		CC28B0752AABB585003390DE /* TextFieldValidation.swift in Sources */ = {isa = PBXBuildFile; fileRef = CC28B0742AABB585003390DE /* TextFieldValidation.swift */; };
		CC28B0782AABB638003390DE /* GFTextField.swift in Sources */ = {isa = PBXBuildFile; fileRef = CC28B0772AABB638003390DE /* GFTextField.swift */; };
		CC28B07C2AABC361003390DE /* LoginView.swift in Sources */ = {isa = PBXBuildFile; fileRef = CC28B07B2AABC361003390DE /* LoginView.swift */; };
		CC28B0822AAC0066003390DE /* RegistrationView.swift in Sources */ = {isa = PBXBuildFile; fileRef = CC28B0812AAC0066003390DE /* RegistrationView.swift */; };
		CC28B0862AAC2811003390DE /* HomeView.swift in Sources */ = {isa = PBXBuildFile; fileRef = CC28B0852AAC2811003390DE /* HomeView.swift */; };
		CC28B0882AAC2D5D003390DE /* SearchBar.swift in Sources */ = {isa = PBXBuildFile; fileRef = CC28B0872AAC2D5D003390DE /* SearchBar.swift */; };
		CC28B08C2AAC3BE9003390DE /* TourCard.swift in Sources */ = {isa = PBXBuildFile; fileRef = CC28B08B2AAC3BE9003390DE /* TourCard.swift */; };
		CC28B0902AACBFF7003390DE /* GuideCard.swift in Sources */ = {isa = PBXBuildFile; fileRef = CC28B08F2AACBFF7003390DE /* GuideCard.swift */; };
		CC28B0922AAD50DE003390DE /* NavigationBar.swift in Sources */ = {isa = PBXBuildFile; fileRef = CC28B0912AAD50DE003390DE /* NavigationBar.swift */; };
		CC5A81B82AABB1E500586168 /* RahalApp.swift in Sources */ = {isa = PBXBuildFile; fileRef = CC5A81B72AABB1E500586168 /* RahalApp.swift */; };
		CC5A81BC2AABB1E600586168 /* Assets.xcassets in Resources */ = {isa = PBXBuildFile; fileRef = CC5A81BB2AABB1E600586168 /* Assets.xcassets */; };
		CC5A81BF2AABB1E600586168 /* Preview Assets.xcassets in Resources */ = {isa = PBXBuildFile; fileRef = CC5A81BE2AABB1E600586168 /* Preview Assets.xcassets */; };
		CC5A81CC2AABB37C00586168 /* SplashView.swift in Sources */ = {isa = PBXBuildFile; fileRef = CC5A81CB2AABB37C00586168 /* SplashView.swift */; };
		CCD065D52AB2A1EB008DEABE /* SearchView.swift in Sources */ = {isa = PBXBuildFile; fileRef = CCD065D42AB2A1EB008DEABE /* SearchView.swift */; };
		CCD065D72AB2A21D008DEABE /* UserProfileView.swift in Sources */ = {isa = PBXBuildFile; fileRef = CCD065D62AB2A21D008DEABE /* UserProfileView.swift */; };
		CCD065D92AB2B4FB008DEABE /* TourDetailsView.swift in Sources */ = {isa = PBXBuildFile; fileRef = CCD065D82AB2B4FB008DEABE /* TourDetailsView.swift */; };
/* End PBXBuildFile section */

/* Begin PBXFileReference section */
		C1CA35012AB2EA7F00045417 /* HomeSliderModel.swift */ = {isa = PBXFileReference; lastKnownFileType = sourcecode.swift; path = HomeSliderModel.swift; sourceTree = "<group>"; };
		C1CA35032AB2EC7E00045417 /* TopTripsModel.swift */ = {isa = PBXFileReference; lastKnownFileType = sourcecode.swift; path = TopTripsModel.swift; sourceTree = "<group>"; };
		C1CA35052AB2ED8400045417 /* TopGuidesModel.swift */ = {isa = PBXFileReference; lastKnownFileType = sourcecode.swift; path = TopGuidesModel.swift; sourceTree = "<group>"; };
		C1CA35082AB2FF4300045417 /* TripDetailsEndPoint.swift */ = {isa = PBXFileReference; lastKnownFileType = sourcecode.swift; path = TripDetailsEndPoint.swift; sourceTree = "<group>"; };
		C1CA350A2AB2FF5300045417 /* TourGuideDetailsEndPoint.swift */ = {isa = PBXFileReference; lastKnownFileType = sourcecode.swift; path = TourGuideDetailsEndPoint.swift; sourceTree = "<group>"; };
		C1CA350D2AB300EC00045417 /* TripDetailsModel.swift */ = {isa = PBXFileReference; lastKnownFileType = sourcecode.swift; path = TripDetailsModel.swift; sourceTree = "<group>"; };
		C1CA350F2AB3010300045417 /* TourGuideDetailsModel.swift */ = {isa = PBXFileReference; lastKnownFileType = sourcecode.swift; path = TourGuideDetailsModel.swift; sourceTree = "<group>"; };
		C1CA35122AB3019300045417 /* TripDetailsServices.swift */ = {isa = PBXFileReference; lastKnownFileType = sourcecode.swift; path = TripDetailsServices.swift; sourceTree = "<group>"; };
		C1CA35142AB301B600045417 /* TourGuideDetailsServices.swift */ = {isa = PBXFileReference; lastKnownFileType = sourcecode.swift; path = TourGuideDetailsServices.swift; sourceTree = "<group>"; };
		C1CA35172AB3023100045417 /* TripDetailsViewModel.swift */ = {isa = PBXFileReference; lastKnownFileType = sourcecode.swift; path = TripDetailsViewModel.swift; sourceTree = "<group>"; };
		C1CA35192AB3026300045417 /* TourGuideDetailsViewModel.swift */ = {isa = PBXFileReference; lastKnownFileType = sourcecode.swift; path = TourGuideDetailsViewModel.swift; sourceTree = "<group>"; };
		CC0A1C912AAE5DD600CF678D /* TourGuideView.swift */ = {isa = PBXFileReference; lastKnownFileType = sourcecode.swift; path = TourGuideView.swift; sourceTree = "<group>"; };
		CC0A1C942AAE695600CF678D /* Cairo-Regular.ttf */ = {isa = PBXFileReference; lastKnownFileType = file; path = "Cairo-Regular.ttf"; sourceTree = "<group>"; };
		CC0A1C952AAE695600CF678D /* Cairo-SemiBold.ttf */ = {isa = PBXFileReference; lastKnownFileType = file; path = "Cairo-SemiBold.ttf"; sourceTree = "<group>"; };
		CC0A1C962AAE695600CF678D /* Cairo-Medium.ttf */ = {isa = PBXFileReference; lastKnownFileType = file; path = "Cairo-Medium.ttf"; sourceTree = "<group>"; };
		CC0A1C972AAE695600CF678D /* Cairo-Black.ttf */ = {isa = PBXFileReference; lastKnownFileType = file; path = "Cairo-Black.ttf"; sourceTree = "<group>"; };
		CC0A1C982AAE695600CF678D /* Cairo-ExtraBold.ttf */ = {isa = PBXFileReference; lastKnownFileType = file; path = "Cairo-ExtraBold.ttf"; sourceTree = "<group>"; };
		CC0A1C992AAE695700CF678D /* Cairo-ExtraLight.ttf */ = {isa = PBXFileReference; lastKnownFileType = file; path = "Cairo-ExtraLight.ttf"; sourceTree = "<group>"; };
		CC0A1C9A2AAE695700CF678D /* Cairo-Bold.ttf */ = {isa = PBXFileReference; lastKnownFileType = file; path = "Cairo-Bold.ttf"; sourceTree = "<group>"; };
		CC0A1C9B2AAE695700CF678D /* Cairo-Light.ttf */ = {isa = PBXFileReference; lastKnownFileType = file; path = "Cairo-Light.ttf"; sourceTree = "<group>"; };
		CC0A1CA42AAE699F00CF678D /* NotoSansEgyptianHieroglyphs-Regular.ttf */ = {isa = PBXFileReference; lastKnownFileType = file; path = "NotoSansEgyptianHieroglyphs-Regular.ttf"; sourceTree = "<group>"; };
		CC0A1CA62AAE6AD400CF678D /* Info.plist */ = {isa = PBXFileReference; lastKnownFileType = text.plist; path = Info.plist; sourceTree = "<group>"; };
		CC0A1CA92AAEBA5000CF678D /* ToursView.swift */ = {isa = PBXFileReference; lastKnownFileType = sourcecode.swift; path = ToursView.swift; sourceTree = "<group>"; };
		CC0A1CAB2AAEBBC500CF678D /* SlideShow.swift */ = {isa = PBXFileReference; lastKnownFileType = sourcecode.swift; path = SlideShow.swift; sourceTree = "<group>"; };
		CC0A1CB12AAFB11300CF678D /* HomeModel.swift */ = {isa = PBXFileReference; lastKnownFileType = sourcecode.swift; path = HomeModel.swift; sourceTree = "<group>"; };
		CC0A1CB32AAFB13100CF678D /* LoginModel.swift */ = {isa = PBXFileReference; lastKnownFileType = sourcecode.swift; path = LoginModel.swift; sourceTree = "<group>"; };
		CC0A1CB52AAFB15400CF678D /* RegisterModel.swift */ = {isa = PBXFileReference; lastKnownFileType = sourcecode.swift; path = RegisterModel.swift; sourceTree = "<group>"; };
		CC0A1CB82AAFB2F200CF678D /* HomeViewModel.swift */ = {isa = PBXFileReference; lastKnownFileType = sourcecode.swift; name = HomeViewModel.swift; path = Rahal/ViewModel/HomeViewModel.swift; sourceTree = SOURCE_ROOT; };
		CC0A1CBB2AAFB32200CF678D /* LoginViewModel.swift */ = {isa = PBXFileReference; lastKnownFileType = sourcecode.swift; path = LoginViewModel.swift; sourceTree = "<group>"; };
		CC0A1CBE2AAFB33400CF678D /* SignupViewModel.swift */ = {isa = PBXFileReference; lastKnownFileType = sourcecode.swift; path = SignupViewModel.swift; sourceTree = "<group>"; };
		CC0A1CC42AAFB41900CF678D /* RegisterEndPoint.swift */ = {isa = PBXFileReference; fileEncoding = 4; lastKnownFileType = sourcecode.swift; path = RegisterEndPoint.swift; sourceTree = "<group>"; };
		CC0A1CC52AAFB41900CF678D /* LoginEndPoint.swift */ = {isa = PBXFileReference; fileEncoding = 4; lastKnownFileType = sourcecode.swift; path = LoginEndPoint.swift; sourceTree = "<group>"; };
		CC0A1CC62AAFB41900CF678D /* HomeEndPoint.swift */ = {isa = PBXFileReference; fileEncoding = 4; lastKnownFileType = sourcecode.swift; path = HomeEndPoint.swift; sourceTree = "<group>"; };
		CC0A1CC72AAFB41900CF678D /* EndPoint.swift */ = {isa = PBXFileReference; fileEncoding = 4; lastKnownFileType = sourcecode.swift; path = EndPoint.swift; sourceTree = "<group>"; };
		CC0A1CC92AAFB41900CF678D /* HTTPMethod.swift */ = {isa = PBXFileReference; fileEncoding = 4; lastKnownFileType = sourcecode.swift; path = HTTPMethod.swift; sourceTree = "<group>"; };
		CC0A1CCA2AAFB41900CF678D /* HTTPClient.swift */ = {isa = PBXFileReference; fileEncoding = 4; lastKnownFileType = sourcecode.swift; path = HTTPClient.swift; sourceTree = "<group>"; };
		CC0A1CCB2AAFB41900CF678D /* RequestError.swift */ = {isa = PBXFileReference; fileEncoding = 4; lastKnownFileType = sourcecode.swift; path = RequestError.swift; sourceTree = "<group>"; };
		CC0A1CCD2AAFB41900CF678D /* HomeServices.swift */ = {isa = PBXFileReference; fileEncoding = 4; lastKnownFileType = sourcecode.swift; path = HomeServices.swift; sourceTree = "<group>"; };
		CC0A1CCF2AAFB41900CF678D /* LoginServices.swift */ = {isa = PBXFileReference; fileEncoding = 4; lastKnownFileType = sourcecode.swift; path = LoginServices.swift; sourceTree = "<group>"; };
		CC0A1CD12AAFB41900CF678D /* RegisterServices.swift */ = {isa = PBXFileReference; fileEncoding = 4; lastKnownFileType = sourcecode.swift; path = RegisterServices.swift; sourceTree = "<group>"; };
		CC0A1CE02AB04E8C00CF678D /* TourCardExtended.swift */ = {isa = PBXFileReference; lastKnownFileType = sourcecode.swift; path = TourCardExtended.swift; sourceTree = "<group>"; };
		CC28B0742AABB585003390DE /* TextFieldValidation.swift */ = {isa = PBXFileReference; lastKnownFileType = sourcecode.swift; path = TextFieldValidation.swift; sourceTree = "<group>"; };
		CC28B0772AABB638003390DE /* GFTextField.swift */ = {isa = PBXFileReference; lastKnownFileType = sourcecode.swift; path = GFTextField.swift; sourceTree = "<group>"; };
		CC28B07B2AABC361003390DE /* LoginView.swift */ = {isa = PBXFileReference; lastKnownFileType = sourcecode.swift; path = LoginView.swift; sourceTree = "<group>"; };
		CC28B0812AAC0066003390DE /* RegistrationView.swift */ = {isa = PBXFileReference; lastKnownFileType = sourcecode.swift; path = RegistrationView.swift; sourceTree = "<group>"; };
		CC28B0852AAC2811003390DE /* HomeView.swift */ = {isa = PBXFileReference; lastKnownFileType = sourcecode.swift; path = HomeView.swift; sourceTree = "<group>"; };
		CC28B0872AAC2D5D003390DE /* SearchBar.swift */ = {isa = PBXFileReference; lastKnownFileType = sourcecode.swift; path = SearchBar.swift; sourceTree = "<group>"; };
		CC28B08B2AAC3BE9003390DE /* TourCard.swift */ = {isa = PBXFileReference; lastKnownFileType = sourcecode.swift; path = TourCard.swift; sourceTree = "<group>"; };
		CC28B08F2AACBFF7003390DE /* GuideCard.swift */ = {isa = PBXFileReference; lastKnownFileType = sourcecode.swift; path = GuideCard.swift; sourceTree = "<group>"; };
		CC28B0912AAD50DE003390DE /* NavigationBar.swift */ = {isa = PBXFileReference; lastKnownFileType = sourcecode.swift; path = NavigationBar.swift; sourceTree = "<group>"; };
		CC5A81B42AABB1E500586168 /* Rahal.app */ = {isa = PBXFileReference; explicitFileType = wrapper.application; includeInIndex = 0; path = Rahal.app; sourceTree = BUILT_PRODUCTS_DIR; };
		CC5A81B72AABB1E500586168 /* RahalApp.swift */ = {isa = PBXFileReference; lastKnownFileType = sourcecode.swift; path = RahalApp.swift; sourceTree = "<group>"; };
		CC5A81BB2AABB1E600586168 /* Assets.xcassets */ = {isa = PBXFileReference; lastKnownFileType = folder.assetcatalog; path = Assets.xcassets; sourceTree = "<group>"; };
		CC5A81BE2AABB1E600586168 /* Preview Assets.xcassets */ = {isa = PBXFileReference; lastKnownFileType = folder.assetcatalog; path = "Preview Assets.xcassets"; sourceTree = "<group>"; };
		CC5A81CB2AABB37C00586168 /* SplashView.swift */ = {isa = PBXFileReference; lastKnownFileType = sourcecode.swift; path = SplashView.swift; sourceTree = "<group>"; };
		CCD065D42AB2A1EB008DEABE /* SearchView.swift */ = {isa = PBXFileReference; lastKnownFileType = sourcecode.swift; path = SearchView.swift; sourceTree = "<group>"; };
		CCD065D62AB2A21D008DEABE /* UserProfileView.swift */ = {isa = PBXFileReference; lastKnownFileType = sourcecode.swift; path = UserProfileView.swift; sourceTree = "<group>"; };
		CCD065D82AB2B4FB008DEABE /* TourDetailsView.swift */ = {isa = PBXFileReference; lastKnownFileType = sourcecode.swift; path = TourDetailsView.swift; sourceTree = "<group>"; };
/* End PBXFileReference section */

/* Begin PBXFrameworksBuildPhase section */
		CC5A81B12AABB1E500586168 /* Frameworks */ = {
			isa = PBXFrameworksBuildPhase;
			buildActionMask = 2147483647;
			files = (
			);
			runOnlyForDeploymentPostprocessing = 0;
		};
/* End PBXFrameworksBuildPhase section */

/* Begin PBXGroup section */
		7FF1132D2AB3889000BB4BDA /* Auth */ = {
			isa = PBXGroup;
			children = (
				CC5A81CB2AABB37C00586168 /* SplashView.swift */,
				CC28B07B2AABC361003390DE /* LoginView.swift */,
				CC28B0812AAC0066003390DE /* RegistrationView.swift */,
			);
			path = Auth;
			sourceTree = "<group>";
		};
		7FF1132E2AB3889D00BB4BDA /* Home */ = {
			isa = PBXGroup;
			children = (
				CC28B0852AAC2811003390DE /* HomeView.swift */,
			);
			path = Home;
			sourceTree = "<group>";
		};
		C1CA35072AB2FF2D00045417 /* DetailsEndPoints */ = {
			isa = PBXGroup;
			children = (
				C1CA35082AB2FF4300045417 /* TripDetailsEndPoint.swift */,
				C1CA350A2AB2FF5300045417 /* TourGuideDetailsEndPoint.swift */,
			);
			path = DetailsEndPoints;
			sourceTree = "<group>";
		};
		C1CA350C2AB300C500045417 /* DetailsModel */ = {
			isa = PBXGroup;
			children = (
				C1CA350D2AB300EC00045417 /* TripDetailsModel.swift */,
				C1CA350F2AB3010300045417 /* TourGuideDetailsModel.swift */,
			);
			path = DetailsModel;
			sourceTree = "<group>";
		};
		C1CA35112AB3017C00045417 /* DetailsServices */ = {
			isa = PBXGroup;
			children = (
				C1CA35122AB3019300045417 /* TripDetailsServices.swift */,
				C1CA35142AB301B600045417 /* TourGuideDetailsServices.swift */,
			);
			path = DetailsServices;
			sourceTree = "<group>";
		};
		C1CA35162AB301E000045417 /* DetailsViewModel */ = {
			isa = PBXGroup;
			children = (
				C1CA35172AB3023100045417 /* TripDetailsViewModel.swift */,
				C1CA35192AB3026300045417 /* TourGuideDetailsViewModel.swift */,
			);
			path = DetailsViewModel;
			sourceTree = "<group>";
		};
		CC0A1C932AAE68ED00CF678D /* Font */ = {
			isa = PBXGroup;
			children = (
				CC0A1CA42AAE699F00CF678D /* NotoSansEgyptianHieroglyphs-Regular.ttf */,
				CC0A1C972AAE695600CF678D /* Cairo-Black.ttf */,
				CC0A1C9A2AAE695700CF678D /* Cairo-Bold.ttf */,
				CC0A1C982AAE695600CF678D /* Cairo-ExtraBold.ttf */,
				CC0A1C992AAE695700CF678D /* Cairo-ExtraLight.ttf */,
				CC0A1C9B2AAE695700CF678D /* Cairo-Light.ttf */,
				CC0A1C962AAE695600CF678D /* Cairo-Medium.ttf */,
				CC0A1C942AAE695600CF678D /* Cairo-Regular.ttf */,
				CC0A1C952AAE695600CF678D /* Cairo-SemiBold.ttf */,
			);
			path = Font;
			sourceTree = "<group>";
		};
		CC0A1CAD2AAFB0D700CF678D /* HomeModel */ = {
			isa = PBXGroup;
			children = (
				CC0A1CB12AAFB11300CF678D /* HomeModel.swift */,
				C1CA35012AB2EA7F00045417 /* HomeSliderModel.swift */,
				C1CA35032AB2EC7E00045417 /* TopTripsModel.swift */,
				C1CA35052AB2ED8400045417 /* TopGuidesModel.swift */,
			);
			path = HomeModel;
			sourceTree = "<group>";
		};
		CC0A1CAE2AAFB0E600CF678D /* LoginModel */ = {
			isa = PBXGroup;
			children = (
				CC0A1CB32AAFB13100CF678D /* LoginModel.swift */,
			);
			path = LoginModel;
			sourceTree = "<group>";
		};
		CC0A1CAF2AAFB0F000CF678D /* RegisterModel */ = {
			isa = PBXGroup;
			children = (
				CC0A1CB52AAFB15400CF678D /* RegisterModel.swift */,
			);
			path = RegisterModel;
			sourceTree = "<group>";
		};
		CC0A1CBA2AAFB2FC00CF678D /* ViewModel */ = {
			isa = PBXGroup;
			children = (
				C1CA35162AB301E000045417 /* DetailsViewModel */,
				CC0A1CB82AAFB2F200CF678D /* HomeViewModel.swift */,
				CC0A1CBB2AAFB32200CF678D /* LoginViewModel.swift */,
				CC0A1CBE2AAFB33400CF678D /* SignupViewModel.swift */,
			);
			path = ViewModel;
			sourceTree = "<group>";
		};
		CC0A1CC22AAFB41900CF678D /* NetworkLayer */ = {
			isa = PBXGroup;
			children = (
				CC0A1CC32AAFB41900CF678D /* EndPoints */,
				CC0A1CC82AAFB41900CF678D /* Base */,
				CC0A1CCC2AAFB41900CF678D /* Services */,
			);
			path = NetworkLayer;
			sourceTree = "<group>";
		};
		CC0A1CC32AAFB41900CF678D /* EndPoints */ = {
			isa = PBXGroup;
			children = (
				C1CA35072AB2FF2D00045417 /* DetailsEndPoints */,
				CC0A1CC42AAFB41900CF678D /* RegisterEndPoint.swift */,
				CC0A1CC52AAFB41900CF678D /* LoginEndPoint.swift */,
				CC0A1CC62AAFB41900CF678D /* HomeEndPoint.swift */,
				CC0A1CC72AAFB41900CF678D /* EndPoint.swift */,
			);
			path = EndPoints;
			sourceTree = "<group>";
		};
		CC0A1CC82AAFB41900CF678D /* Base */ = {
			isa = PBXGroup;
			children = (
				CC0A1CC92AAFB41900CF678D /* HTTPMethod.swift */,
				CC0A1CCA2AAFB41900CF678D /* HTTPClient.swift */,
				CC0A1CCB2AAFB41900CF678D /* RequestError.swift */,
			);
			path = Base;
			sourceTree = "<group>";
		};
		CC0A1CCC2AAFB41900CF678D /* Services */ = {
			isa = PBXGroup;
			children = (
				C1CA35112AB3017C00045417 /* DetailsServices */,
				CC0A1CCD2AAFB41900CF678D /* HomeServices.swift */,
				CC0A1CCF2AAFB41900CF678D /* LoginServices.swift */,
				CC0A1CD12AAFB41900CF678D /* RegisterServices.swift */,
			);
			path = Services;
			sourceTree = "<group>";
		};
		CC28B0732AABB579003390DE /* TFValidation */ = {
			isa = PBXGroup;
			children = (
				CC28B0742AABB585003390DE /* TextFieldValidation.swift */,
			);
			path = TFValidation;
			sourceTree = "<group>";
		};
		CC28B0762AABB5C7003390DE /* CustomComponents */ = {
			isa = PBXGroup;
			children = (
				CC28B0772AABB638003390DE /* GFTextField.swift */,
				CC28B0872AAC2D5D003390DE /* SearchBar.swift */,
				CC28B08B2AAC3BE9003390DE /* TourCard.swift */,
				CC28B08F2AACBFF7003390DE /* GuideCard.swift */,
				CC28B0912AAD50DE003390DE /* NavigationBar.swift */,
				CC0A1CAB2AAEBBC500CF678D /* SlideShow.swift */,
				CC0A1CE02AB04E8C00CF678D /* TourCardExtended.swift */,
			);
			path = CustomComponents;
			sourceTree = "<group>";
		};
		CC5A81AB2AABB1E500586168 = {
			isa = PBXGroup;
			children = (
				CC0A1CC22AAFB41900CF678D /* NetworkLayer */,
				CC5A81C52AABB27F00586168 /* Support */,
				CC28B0732AABB579003390DE /* TFValidation */,
				CC28B0762AABB5C7003390DE /* CustomComponents */,
				CC5A81B62AABB1E500586168 /* Rahal */,
				CC5A81B52AABB1E500586168 /* Products */,
			);
			sourceTree = "<group>";
		};
		CC5A81B52AABB1E500586168 /* Products */ = {
			isa = PBXGroup;
			children = (
				CC5A81B42AABB1E500586168 /* Rahal.app */,
			);
			name = Products;
			sourceTree = "<group>";
		};
		CC5A81B62AABB1E500586168 /* Rahal */ = {
			isa = PBXGroup;
			children = (
				CC0A1CA62AAE6AD400CF678D /* Info.plist */,
				CC5A81C82AABB31600586168 /* Model */,
				CC5A81C62AABB30900586168 /* Root */,
				CC5A81C92AABB31A00586168 /* View */,
				CC0A1CBA2AAFB2FC00CF678D /* ViewModel */,
				CC5A81BD2AABB1E600586168 /* Preview Content */,
			);
			path = Rahal;
			sourceTree = "<group>";
		};
		CC5A81BD2AABB1E600586168 /* Preview Content */ = {
			isa = PBXGroup;
			children = (
				CC5A81BE2AABB1E600586168 /* Preview Assets.xcassets */,
			);
			path = "Preview Content";
			sourceTree = "<group>";
		};
		CC5A81C52AABB27F00586168 /* Support */ = {
			isa = PBXGroup;
			children = (
				CC0A1C932AAE68ED00CF678D /* Font */,
				CC5A81BB2AABB1E600586168 /* Assets.xcassets */,
			);
			path = Support;
			sourceTree = "<group>";
		};
		CC5A81C62AABB30900586168 /* Root */ = {
			isa = PBXGroup;
			children = (
				CC5A81B72AABB1E500586168 /* RahalApp.swift */,
			);
			path = Root;
			sourceTree = "<group>";
		};
		CC5A81C82AABB31600586168 /* Model */ = {
			isa = PBXGroup;
			children = (
				C1CA350C2AB300C500045417 /* DetailsModel */,
				CC0A1CAF2AAFB0F000CF678D /* RegisterModel */,
				CC0A1CAE2AAFB0E600CF678D /* LoginModel */,
				CC0A1CAD2AAFB0D700CF678D /* HomeModel */,
			);
			path = Model;
			sourceTree = "<group>";
		};
		CC5A81C92AABB31A00586168 /* View */ = {
			isa = PBXGroup;
			children = (
				7FF1132D2AB3889000BB4BDA /* Auth */,
				7FF1132E2AB3889D00BB4BDA /* Home */,
				CC0A1C912AAE5DD600CF678D /* TourGuideView.swift */,
				CC0A1CA92AAEBA5000CF678D /* ToursView.swift */,
				CCD065D42AB2A1EB008DEABE /* SearchView.swift */,
				CCD065D62AB2A21D008DEABE /* UserProfileView.swift */,
				CCD065D82AB2B4FB008DEABE /* TourDetailsView.swift */,
			);
			path = View;
			sourceTree = "<group>";
		};
/* End PBXGroup section */

/* Begin PBXNativeTarget section */
		CC5A81B32AABB1E500586168 /* Rahal */ = {
			isa = PBXNativeTarget;
			buildConfigurationList = CC5A81C22AABB1E600586168 /* Build configuration list for PBXNativeTarget "Rahal" */;
			buildPhases = (
				CC5A81B02AABB1E500586168 /* Sources */,
				CC5A81B12AABB1E500586168 /* Frameworks */,
				CC5A81B22AABB1E500586168 /* Resources */,
			);
			buildRules = (
			);
			dependencies = (
			);
			name = Rahal;
			productName = Rahal;
			productReference = CC5A81B42AABB1E500586168 /* Rahal.app */;
			productType = "com.apple.product-type.application";
		};
/* End PBXNativeTarget section */

/* Begin PBXProject section */
		CC5A81AC2AABB1E500586168 /* Project object */ = {
			isa = PBXProject;
			attributes = {
				BuildIndependentTargetsInParallel = 1;
				LastSwiftUpdateCheck = 1410;
				LastUpgradeCheck = 1410;
				TargetAttributes = {
					CC5A81B32AABB1E500586168 = {
						CreatedOnToolsVersion = 14.1;
					};
				};
			};
			buildConfigurationList = CC5A81AF2AABB1E500586168 /* Build configuration list for PBXProject "Rahal" */;
			compatibilityVersion = "Xcode 14.0";
			developmentRegion = en;
			hasScannedForEncodings = 0;
			knownRegions = (
				en,
				Base,
			);
			mainGroup = CC5A81AB2AABB1E500586168;
			productRefGroup = CC5A81B52AABB1E500586168 /* Products */;
			projectDirPath = "";
			projectRoot = "";
			targets = (
				CC5A81B32AABB1E500586168 /* Rahal */,
			);
		};
/* End PBXProject section */

/* Begin PBXResourcesBuildPhase section */
		CC5A81B22AABB1E500586168 /* Resources */ = {
			isa = PBXResourcesBuildPhase;
			buildActionMask = 2147483647;
			files = (
				CC0A1CA32AAE695700CF678D /* Cairo-Light.ttf in Resources */,
				CC0A1C9D2AAE695700CF678D /* Cairo-SemiBold.ttf in Resources */,
				CC0A1C9F2AAE695700CF678D /* Cairo-Black.ttf in Resources */,
				CC0A1CA52AAE699F00CF678D /* NotoSansEgyptianHieroglyphs-Regular.ttf in Resources */,
				CC0A1CA02AAE695700CF678D /* Cairo-ExtraBold.ttf in Resources */,
				CC0A1C9C2AAE695700CF678D /* Cairo-Regular.ttf in Resources */,
				CC5A81BF2AABB1E600586168 /* Preview Assets.xcassets in Resources */,
				CC5A81BC2AABB1E600586168 /* Assets.xcassets in Resources */,
				CC0A1C9E2AAE695700CF678D /* Cairo-Medium.ttf in Resources */,
				CC0A1CA22AAE695700CF678D /* Cairo-Bold.ttf in Resources */,
				CC0A1CA12AAE695700CF678D /* Cairo-ExtraLight.ttf in Resources */,
			);
			runOnlyForDeploymentPostprocessing = 0;
		};
/* End PBXResourcesBuildPhase section */

/* Begin PBXSourcesBuildPhase section */
		CC5A81B02AABB1E500586168 /* Sources */ = {
			isa = PBXSourcesBuildPhase;
			buildActionMask = 2147483647;
			files = (
				CC5A81B82AABB1E500586168 /* RahalApp.swift in Sources */,
				CC0A1CB92AAFB2F200CF678D /* HomeViewModel.swift in Sources */,
				CC0A1CD82AAFB41900CF678D /* HTTPClient.swift in Sources */,
				CC28B0862AAC2811003390DE /* HomeView.swift in Sources */,
				C1CA35042AB2EC7E00045417 /* TopTripsModel.swift in Sources */,
				CC5A81CC2AABB37C00586168 /* SplashView.swift in Sources */,
				CC0A1CD52AAFB41900CF678D /* HomeEndPoint.swift in Sources */,
				C1CA350E2AB300EC00045417 /* TripDetailsModel.swift in Sources */,
				CC0A1CE12AB04E8C00CF678D /* TourCardExtended.swift in Sources */,
				C1CA35062AB2ED8400045417 /* TopGuidesModel.swift in Sources */,
				C1CA35102AB3010300045417 /* TourGuideDetailsModel.swift in Sources */,
				CCD065D72AB2A21D008DEABE /* UserProfileView.swift in Sources */,
				CC28B0782AABB638003390DE /* GFTextField.swift in Sources */,
				C1CA350B2AB2FF5300045417 /* TourGuideDetailsEndPoint.swift in Sources */,
				C1CA35152AB301B600045417 /* TourGuideDetailsServices.swift in Sources */,
				CC28B0902AACBFF7003390DE /* GuideCard.swift in Sources */,
				C1CA35092AB2FF4300045417 /* TripDetailsEndPoint.swift in Sources */,
				CC0A1CD92AAFB41900CF678D /* RequestError.swift in Sources */,
				C1CA35132AB3019300045417 /* TripDetailsServices.swift in Sources */,
				CCD065D52AB2A1EB008DEABE /* SearchView.swift in Sources */,
				CC0A1CBF2AAFB33400CF678D /* SignupViewModel.swift in Sources */,
				C1CA351A2AB3026300045417 /* TourGuideDetailsViewModel.swift in Sources */,
				CC0A1CDA2AAFB41900CF678D /* HomeServices.swift in Sources */,
				CC0A1CD72AAFB41900CF678D /* HTTPMethod.swift in Sources */,
				CC0A1CB42AAFB13100CF678D /* LoginModel.swift in Sources */,
				CC0A1C922AAE5DD600CF678D /* TourGuideView.swift in Sources */,
				CCD065D92AB2B4FB008DEABE /* TourDetailsView.swift in Sources */,
				C1CA35182AB3023100045417 /* TripDetailsViewModel.swift in Sources */,
				CC0A1CAA2AAEBA5000CF678D /* ToursView.swift in Sources */,
				CC28B0822AAC0066003390DE /* RegistrationView.swift in Sources */,
				C1CA35022AB2EA7F00045417 /* HomeSliderModel.swift in Sources */,
				CC0A1CB22AAFB11300CF678D /* HomeModel.swift in Sources */,
				CC28B0882AAC2D5D003390DE /* SearchBar.swift in Sources */,
				CC28B08C2AAC3BE9003390DE /* TourCard.swift in Sources */,
				CC0A1CAC2AAEBBC500CF678D /* SlideShow.swift in Sources */,
				CC0A1CB62AAFB15400CF678D /* RegisterModel.swift in Sources */,
				CC0A1CD42AAFB41900CF678D /* LoginEndPoint.swift in Sources */,
				CC0A1CD62AAFB41900CF678D /* EndPoint.swift in Sources */,
				CC28B07C2AABC361003390DE /* LoginView.swift in Sources */,
				CC28B0752AABB585003390DE /* TextFieldValidation.swift in Sources */,
				CC0A1CDE2AAFB41900CF678D /* RegisterServices.swift in Sources */,
				CC0A1CBC2AAFB32200CF678D /* LoginViewModel.swift in Sources */,
				CC28B0922AAD50DE003390DE /* NavigationBar.swift in Sources */,
				CC0A1CD32AAFB41900CF678D /* RegisterEndPoint.swift in Sources */,
				CC0A1CDC2AAFB41900CF678D /* LoginServices.swift in Sources */,
			);
			runOnlyForDeploymentPostprocessing = 0;
		};
/* End PBXSourcesBuildPhase section */

/* Begin XCBuildConfiguration section */
		CC5A81C02AABB1E600586168 /* Debug */ = {
			isa = XCBuildConfiguration;
			buildSettings = {
				ALWAYS_SEARCH_USER_PATHS = NO;
				CLANG_ANALYZER_NONNULL = YES;
				CLANG_ANALYZER_NUMBER_OBJECT_CONVERSION = YES_AGGRESSIVE;
				CLANG_CXX_LANGUAGE_STANDARD = "gnu++20";
				CLANG_ENABLE_MODULES = YES;
				CLANG_ENABLE_OBJC_ARC = YES;
				CLANG_ENABLE_OBJC_WEAK = YES;
				CLANG_WARN_BLOCK_CAPTURE_AUTORELEASING = YES;
				CLANG_WARN_BOOL_CONVERSION = YES;
				CLANG_WARN_COMMA = YES;
				CLANG_WARN_CONSTANT_CONVERSION = YES;
				CLANG_WARN_DEPRECATED_OBJC_IMPLEMENTATIONS = YES;
				CLANG_WARN_DIRECT_OBJC_ISA_USAGE = YES_ERROR;
				CLANG_WARN_DOCUMENTATION_COMMENTS = YES;
				CLANG_WARN_EMPTY_BODY = YES;
				CLANG_WARN_ENUM_CONVERSION = YES;
				CLANG_WARN_INFINITE_RECURSION = YES;
				CLANG_WARN_INT_CONVERSION = YES;
				CLANG_WARN_NON_LITERAL_NULL_CONVERSION = YES;
				CLANG_WARN_OBJC_IMPLICIT_RETAIN_SELF = YES;
				CLANG_WARN_OBJC_LITERAL_CONVERSION = YES;
				CLANG_WARN_OBJC_ROOT_CLASS = YES_ERROR;
				CLANG_WARN_QUOTED_INCLUDE_IN_FRAMEWORK_HEADER = YES;
				CLANG_WARN_RANGE_LOOP_ANALYSIS = YES;
				CLANG_WARN_STRICT_PROTOTYPES = YES;
				CLANG_WARN_SUSPICIOUS_MOVE = YES;
				CLANG_WARN_UNGUARDED_AVAILABILITY = YES_AGGRESSIVE;
				CLANG_WARN_UNREACHABLE_CODE = YES;
				CLANG_WARN__DUPLICATE_METHOD_MATCH = YES;
				COPY_PHASE_STRIP = NO;
				DEBUG_INFORMATION_FORMAT = dwarf;
				ENABLE_STRICT_OBJC_MSGSEND = YES;
				ENABLE_TESTABILITY = YES;
				GCC_C_LANGUAGE_STANDARD = gnu11;
				GCC_DYNAMIC_NO_PIC = NO;
				GCC_NO_COMMON_BLOCKS = YES;
				GCC_OPTIMIZATION_LEVEL = 0;
				GCC_PREPROCESSOR_DEFINITIONS = (
					"DEBUG=1",
					"$(inherited)",
				);
				GCC_WARN_64_TO_32_BIT_CONVERSION = YES;
				GCC_WARN_ABOUT_RETURN_TYPE = YES_ERROR;
				GCC_WARN_UNDECLARED_SELECTOR = YES;
				GCC_WARN_UNINITIALIZED_AUTOS = YES_AGGRESSIVE;
				GCC_WARN_UNUSED_FUNCTION = YES;
				GCC_WARN_UNUSED_VARIABLE = YES;
				IPHONEOS_DEPLOYMENT_TARGET = 16.1;
				MTL_ENABLE_DEBUG_INFO = INCLUDE_SOURCE;
				MTL_FAST_MATH = YES;
				ONLY_ACTIVE_ARCH = YES;
				SDKROOT = iphoneos;
				SWIFT_ACTIVE_COMPILATION_CONDITIONS = DEBUG;
				SWIFT_OPTIMIZATION_LEVEL = "-Onone";
			};
			name = Debug;
		};
		CC5A81C12AABB1E600586168 /* Release */ = {
			isa = XCBuildConfiguration;
			buildSettings = {
				ALWAYS_SEARCH_USER_PATHS = NO;
				CLANG_ANALYZER_NONNULL = YES;
				CLANG_ANALYZER_NUMBER_OBJECT_CONVERSION = YES_AGGRESSIVE;
				CLANG_CXX_LANGUAGE_STANDARD = "gnu++20";
				CLANG_ENABLE_MODULES = YES;
				CLANG_ENABLE_OBJC_ARC = YES;
				CLANG_ENABLE_OBJC_WEAK = YES;
				CLANG_WARN_BLOCK_CAPTURE_AUTORELEASING = YES;
				CLANG_WARN_BOOL_CONVERSION = YES;
				CLANG_WARN_COMMA = YES;
				CLANG_WARN_CONSTANT_CONVERSION = YES;
				CLANG_WARN_DEPRECATED_OBJC_IMPLEMENTATIONS = YES;
				CLANG_WARN_DIRECT_OBJC_ISA_USAGE = YES_ERROR;
				CLANG_WARN_DOCUMENTATION_COMMENTS = YES;
				CLANG_WARN_EMPTY_BODY = YES;
				CLANG_WARN_ENUM_CONVERSION = YES;
				CLANG_WARN_INFINITE_RECURSION = YES;
				CLANG_WARN_INT_CONVERSION = YES;
				CLANG_WARN_NON_LITERAL_NULL_CONVERSION = YES;
				CLANG_WARN_OBJC_IMPLICIT_RETAIN_SELF = YES;
				CLANG_WARN_OBJC_LITERAL_CONVERSION = YES;
				CLANG_WARN_OBJC_ROOT_CLASS = YES_ERROR;
				CLANG_WARN_QUOTED_INCLUDE_IN_FRAMEWORK_HEADER = YES;
				CLANG_WARN_RANGE_LOOP_ANALYSIS = YES;
				CLANG_WARN_STRICT_PROTOTYPES = YES;
				CLANG_WARN_SUSPICIOUS_MOVE = YES;
				CLANG_WARN_UNGUARDED_AVAILABILITY = YES_AGGRESSIVE;
				CLANG_WARN_UNREACHABLE_CODE = YES;
				CLANG_WARN__DUPLICATE_METHOD_MATCH = YES;
				COPY_PHASE_STRIP = NO;
				DEBUG_INFORMATION_FORMAT = "dwarf-with-dsym";
				ENABLE_NS_ASSERTIONS = NO;
				ENABLE_STRICT_OBJC_MSGSEND = YES;
				GCC_C_LANGUAGE_STANDARD = gnu11;
				GCC_NO_COMMON_BLOCKS = YES;
				GCC_WARN_64_TO_32_BIT_CONVERSION = YES;
				GCC_WARN_ABOUT_RETURN_TYPE = YES_ERROR;
				GCC_WARN_UNDECLARED_SELECTOR = YES;
				GCC_WARN_UNINITIALIZED_AUTOS = YES_AGGRESSIVE;
				GCC_WARN_UNUSED_FUNCTION = YES;
				GCC_WARN_UNUSED_VARIABLE = YES;
				IPHONEOS_DEPLOYMENT_TARGET = 16.1;
				MTL_ENABLE_DEBUG_INFO = NO;
				MTL_FAST_MATH = YES;
				SDKROOT = iphoneos;
				SWIFT_COMPILATION_MODE = wholemodule;
				SWIFT_OPTIMIZATION_LEVEL = "-O";
				VALIDATE_PRODUCT = YES;
			};
			name = Release;
		};
		CC5A81C32AABB1E600586168 /* Debug */ = {
			isa = XCBuildConfiguration;
			buildSettings = {
				ASSETCATALOG_COMPILER_APPICON_NAME = AppIcon;
				ASSETCATALOG_COMPILER_GLOBAL_ACCENT_COLOR_NAME = AccentColor;
				CODE_SIGN_STYLE = Automatic;
				CURRENT_PROJECT_VERSION = 1;
				DEVELOPMENT_ASSET_PATHS = "\"Rahal/Preview Content\"";
				DEVELOPMENT_TEAM = 5Z792TF2FL;
				ENABLE_PREVIEWS = YES;
				GENERATE_INFOPLIST_FILE = YES;
				INFOPLIST_FILE = Rahal/Info.plist;
				INFOPLIST_KEY_UIApplicationSceneManifest_Generation = YES;
				INFOPLIST_KEY_UIApplicationSupportsIndirectInputEvents = YES;
				INFOPLIST_KEY_UILaunchScreen_Generation = YES;
				INFOPLIST_KEY_UISupportedInterfaceOrientations_iPad = "UIInterfaceOrientationPortrait UIInterfaceOrientationPortraitUpsideDown UIInterfaceOrientationLandscapeLeft UIInterfaceOrientationLandscapeRight";
				INFOPLIST_KEY_UISupportedInterfaceOrientations_iPhone = "UIInterfaceOrientationPortrait UIInterfaceOrientationLandscapeLeft UIInterfaceOrientationLandscapeRight";
				IPHONEOS_DEPLOYMENT_TARGET = 16.4;
				LD_RUNPATH_SEARCH_PATHS = (
					"$(inherited)",
					"@executable_path/Frameworks",
				);
				MARKETING_VERSION = 1.0;
				PRODUCT_BUNDLE_IDENTIFIER = works.elawady.Rahal;
				PRODUCT_NAME = "$(TARGET_NAME)";
				SWIFT_EMIT_LOC_STRINGS = YES;
				SWIFT_VERSION = 5.0;
				TARGETED_DEVICE_FAMILY = "1,2";
			};
			name = Debug;
		};
		CC5A81C42AABB1E600586168 /* Release */ = {
			isa = XCBuildConfiguration;
			buildSettings = {
				ASSETCATALOG_COMPILER_APPICON_NAME = AppIcon;
				ASSETCATALOG_COMPILER_GLOBAL_ACCENT_COLOR_NAME = AccentColor;
				CODE_SIGN_STYLE = Automatic;
				CURRENT_PROJECT_VERSION = 1;
				DEVELOPMENT_ASSET_PATHS = "\"Rahal/Preview Content\"";
				DEVELOPMENT_TEAM = 5Z792TF2FL;
				ENABLE_PREVIEWS = YES;
				GENERATE_INFOPLIST_FILE = YES;
				INFOPLIST_FILE = Rahal/Info.plist;
				INFOPLIST_KEY_UIApplicationSceneManifest_Generation = YES;
				INFOPLIST_KEY_UIApplicationSupportsIndirectInputEvents = YES;
				INFOPLIST_KEY_UILaunchScreen_Generation = YES;
				INFOPLIST_KEY_UISupportedInterfaceOrientations_iPad = "UIInterfaceOrientationPortrait UIInterfaceOrientationPortraitUpsideDown UIInterfaceOrientationLandscapeLeft UIInterfaceOrientationLandscapeRight";
				INFOPLIST_KEY_UISupportedInterfaceOrientations_iPhone = "UIInterfaceOrientationPortrait UIInterfaceOrientationLandscapeLeft UIInterfaceOrientationLandscapeRight";
				IPHONEOS_DEPLOYMENT_TARGET = 16.4;
				LD_RUNPATH_SEARCH_PATHS = (
					"$(inherited)",
					"@executable_path/Frameworks",
				);
				MARKETING_VERSION = 1.0;
				PRODUCT_BUNDLE_IDENTIFIER = works.elawady.Rahal;
				PRODUCT_NAME = "$(TARGET_NAME)";
				SWIFT_EMIT_LOC_STRINGS = YES;
				SWIFT_VERSION = 5.0;
				TARGETED_DEVICE_FAMILY = "1,2";
			};
			name = Release;
		};
/* End XCBuildConfiguration section */

/* Begin XCConfigurationList section */
		CC5A81AF2AABB1E500586168 /* Build configuration list for PBXProject "Rahal" */ = {
			isa = XCConfigurationList;
			buildConfigurations = (
				CC5A81C02AABB1E600586168 /* Debug */,
				CC5A81C12AABB1E600586168 /* Release */,
			);
			defaultConfigurationIsVisible = 0;
			defaultConfigurationName = Release;
		};
		CC5A81C22AABB1E600586168 /* Build configuration list for PBXNativeTarget "Rahal" */ = {
			isa = XCConfigurationList;
			buildConfigurations = (
				CC5A81C32AABB1E600586168 /* Debug */,
				CC5A81C42AABB1E600586168 /* Release */,
			);
			defaultConfigurationIsVisible = 0;
			defaultConfigurationName = Release;
		};
/* End XCConfigurationList section */
	};
	rootObject = CC5A81AC2AABB1E500586168 /* Project object */;
}
