// !$*UTF8*$!
{
	archiveVersion = 1;
	classes = {
	};
	objectVersion = 56;
	objects = {

/* Begin PBXBuildFile section */
		CC28B0752AABB585003390DE /* TextFieldValidation.swift in Sources */ = {isa = PBXBuildFile; fileRef = CC28B0742AABB585003390DE /* TextFieldValidation.swift */; };
		CC28B0782AABB638003390DE /* GFTextField.swift in Sources */ = {isa = PBXBuildFile; fileRef = CC28B0772AABB638003390DE /* GFTextField.swift */; };
		CC28B07C2AABC361003390DE /* LoginView.swift in Sources */ = {isa = PBXBuildFile; fileRef = CC28B07B2AABC361003390DE /* LoginView.swift */; };
		CC28B0822AAC0066003390DE /* RegistrationView.swift in Sources */ = {isa = PBXBuildFile; fileRef = CC28B0812AAC0066003390DE /* RegistrationView.swift */; };
		CC28B0862AAC2811003390DE /* HomeView.swift in Sources */ = {isa = PBXBuildFile; fileRef = CC28B0852AAC2811003390DE /* HomeView.swift */; };
		CC28B0882AAC2D5D003390DE /* SearchBar.swift in Sources */ = {isa = PBXBuildFile; fileRef = CC28B0872AAC2D5D003390DE /* SearchBar.swift */; };
		CC28B08C2AAC3BE9003390DE /* TripCard.swift in Sources */ = {isa = PBXBuildFile; fileRef = CC28B08B2AAC3BE9003390DE /* TripCard.swift */; };
		CC5A81B82AABB1E500586168 /* RahalApp.swift in Sources */ = {isa = PBXBuildFile; fileRef = CC5A81B72AABB1E500586168 /* RahalApp.swift */; };
		CC5A81BC2AABB1E600586168 /* Assets.xcassets in Resources */ = {isa = PBXBuildFile; fileRef = CC5A81BB2AABB1E600586168 /* Assets.xcassets */; };
		CC5A81BF2AABB1E600586168 /* Preview Assets.xcassets in Resources */ = {isa = PBXBuildFile; fileRef = CC5A81BE2AABB1E600586168 /* Preview Assets.xcassets */; };
		CC5A81CC2AABB37C00586168 /* SplashView.swift in Sources */ = {isa = PBXBuildFile; fileRef = CC5A81CB2AABB37C00586168 /* SplashView.swift */; };
/* End PBXBuildFile section */

/* Begin PBXFileReference section */
		CC28B0742AABB585003390DE /* TextFieldValidation.swift */ = {isa = PBXFileReference; lastKnownFileType = sourcecode.swift; path = TextFieldValidation.swift; sourceTree = "<group>"; };
		CC28B0772AABB638003390DE /* GFTextField.swift */ = {isa = PBXFileReference; lastKnownFileType = sourcecode.swift; path = GFTextField.swift; sourceTree = "<group>"; };
		CC28B07B2AABC361003390DE /* LoginView.swift */ = {isa = PBXFileReference; lastKnownFileType = sourcecode.swift; path = LoginView.swift; sourceTree = "<group>"; };
		CC28B0812AAC0066003390DE /* RegistrationView.swift */ = {isa = PBXFileReference; lastKnownFileType = sourcecode.swift; path = RegistrationView.swift; sourceTree = "<group>"; };
		CC28B0852AAC2811003390DE /* HomeView.swift */ = {isa = PBXFileReference; lastKnownFileType = sourcecode.swift; path = HomeView.swift; sourceTree = "<group>"; };
		CC28B0872AAC2D5D003390DE /* SearchBar.swift */ = {isa = PBXFileReference; lastKnownFileType = sourcecode.swift; path = SearchBar.swift; sourceTree = "<group>"; };
		CC28B08B2AAC3BE9003390DE /* TripCard.swift */ = {isa = PBXFileReference; lastKnownFileType = sourcecode.swift; path = TripCard.swift; sourceTree = "<group>"; };
		CC5A81B42AABB1E500586168 /* Rahal.app */ = {isa = PBXFileReference; explicitFileType = wrapper.application; includeInIndex = 0; path = Rahal.app; sourceTree = BUILT_PRODUCTS_DIR; };
		CC5A81B72AABB1E500586168 /* RahalApp.swift */ = {isa = PBXFileReference; lastKnownFileType = sourcecode.swift; path = RahalApp.swift; sourceTree = "<group>"; };
		CC5A81BB2AABB1E600586168 /* Assets.xcassets */ = {isa = PBXFileReference; lastKnownFileType = folder.assetcatalog; path = Assets.xcassets; sourceTree = "<group>"; };
		CC5A81BE2AABB1E600586168 /* Preview Assets.xcassets */ = {isa = PBXFileReference; lastKnownFileType = folder.assetcatalog; path = "Preview Assets.xcassets"; sourceTree = "<group>"; };
		CC5A81CB2AABB37C00586168 /* SplashView.swift */ = {isa = PBXFileReference; lastKnownFileType = sourcecode.swift; path = SplashView.swift; sourceTree = "<group>"; };
/* End PBXFileReference section */

/* Begin PBXFrameworksBuildPhase section */
		CC5A81B12AABB1E500586168 /* Frameworks */ = {
			isa = PBXFrameworksBuildPhase;
			buildActionMask = 2147483647;
			files = (
			);
			runOnlyForDeploymentPostprocessing = 0;
		};
/* End PBXFrameworksBuildPhase section */

/* Begin PBXGroup section */
		CC28B0732AABB579003390DE /* TFValidation */ = {
			isa = PBXGroup;
			children = (
				CC28B0742AABB585003390DE /* TextFieldValidation.swift */,
			);
			path = TFValidation;
			sourceTree = "<group>";
		};
		CC28B0762AABB5C7003390DE /* CustomComponents */ = {
			isa = PBXGroup;
			children = (
				CC28B0772AABB638003390DE /* GFTextField.swift */,
				CC28B0872AAC2D5D003390DE /* SearchBar.swift */,
				CC28B08B2AAC3BE9003390DE /* TripCard.swift */,
			);
			path = CustomComponents;
			sourceTree = "<group>";
		};
		CC5A81AB2AABB1E500586168 = {
			isa = PBXGroup;
			children = (
				CC5A81C52AABB27F00586168 /* Support */,
				CC28B0732AABB579003390DE /* TFValidation */,
				CC28B0762AABB5C7003390DE /* CustomComponents */,
				CC5A81B62AABB1E500586168 /* Rahal */,
				CC5A81B52AABB1E500586168 /* Products */,
			);
			sourceTree = "<group>";
		};
		CC5A81B52AABB1E500586168 /* Products */ = {
			isa = PBXGroup;
			children = (
				CC5A81B42AABB1E500586168 /* Rahal.app */,
			);
			name = Products;
			sourceTree = "<group>";
		};
		CC5A81B62AABB1E500586168 /* Rahal */ = {
			isa = PBXGroup;
			children = (
				CC5A81C62AABB30900586168 /* Root */,
				CC5A81C92AABB31A00586168 /* View */,
				CC5A81C82AABB31600586168 /* Model */,
				CC5A81C72AABB30F00586168 /* ViewModel */,
				CC5A81BD2AABB1E600586168 /* Preview Content */,
			);
			path = Rahal;
			sourceTree = "<group>";
		};
		CC5A81BD2AABB1E600586168 /* Preview Content */ = {
			isa = PBXGroup;
			children = (
				CC5A81BE2AABB1E600586168 /* Preview Assets.xcassets */,
			);
			path = "Preview Content";
			sourceTree = "<group>";
		};
		CC5A81C52AABB27F00586168 /* Support */ = {
			isa = PBXGroup;
			children = (
				CC5A81BB2AABB1E600586168 /* Assets.xcassets */,
			);
			path = Support;
			sourceTree = "<group>";
		};
		CC5A81C62AABB30900586168 /* Root */ = {
			isa = PBXGroup;
			children = (
				CC5A81B72AABB1E500586168 /* RahalApp.swift */,
			);
			path = Root;
			sourceTree = "<group>";
		};
		CC5A81C72AABB30F00586168 /* ViewModel */ = {
			isa = PBXGroup;
			children = (
			);
			path = ViewModel;
			sourceTree = "<group>";
		};
		CC5A81C82AABB31600586168 /* Model */ = {
			isa = PBXGroup;
			children = (
			);
			path = Model;
			sourceTree = "<group>";
		};
		CC5A81C92AABB31A00586168 /* View */ = {
			isa = PBXGroup;
			children = (
				CC5A81CB2AABB37C00586168 /* SplashView.swift */,
				CC28B07B2AABC361003390DE /* LoginView.swift */,
				CC28B0812AAC0066003390DE /* RegistrationView.swift */,
				CC28B0852AAC2811003390DE /* HomeView.swift */,
			);
			path = View;
			sourceTree = "<group>";
		};
/* End PBXGroup section */

/* Begin PBXNativeTarget section */
		CC5A81B32AABB1E500586168 /* Rahal */ = {
			isa = PBXNativeTarget;
			buildConfigurationList = CC5A81C22AABB1E600586168 /* Build configuration list for PBXNativeTarget "Rahal" */;
			buildPhases = (
				CC5A81B02AABB1E500586168 /* Sources */,
				CC5A81B12AABB1E500586168 /* Frameworks */,
				CC5A81B22AABB1E500586168 /* Resources */,
			);
			buildRules = (
			);
			dependencies = (
			);
			name = Rahal;
			productName = Rahal;
			productReference = CC5A81B42AABB1E500586168 /* Rahal.app */;
			productType = "com.apple.product-type.application";
		};
/* End PBXNativeTarget section */

/* Begin PBXProject section */
		CC5A81AC2AABB1E500586168 /* Project object */ = {
			isa = PBXProject;
			attributes = {
				BuildIndependentTargetsInParallel = 1;
				LastSwiftUpdateCheck = 1410;
				LastUpgradeCheck = 1410;
				TargetAttributes = {
					CC5A81B32AABB1E500586168 = {
						CreatedOnToolsVersion = 14.1;
					};
				};
			};
			buildConfigurationList = CC5A81AF2AABB1E500586168 /* Build configuration list for PBXProject "Rahal" */;
			compatibilityVersion = "Xcode 14.0";
			developmentRegion = en;
			hasScannedForEncodings = 0;
			knownRegions = (
				en,
				Base,
			);
			mainGroup = CC5A81AB2AABB1E500586168;
			productRefGroup = CC5A81B52AABB1E500586168 /* Products */;
			projectDirPath = "";
			projectRoot = "";
			targets = (
				CC5A81B32AABB1E500586168 /* Rahal */,
			);
		};
/* End PBXProject section */

/* Begin PBXResourcesBuildPhase section */
		CC5A81B22AABB1E500586168 /* Resources */ = {
			isa = PBXResourcesBuildPhase;
			buildActionMask = 2147483647;
			files = (
				CC5A81BF2AABB1E600586168 /* Preview Assets.xcassets in Resources */,
				CC5A81BC2AABB1E600586168 /* Assets.xcassets in Resources */,
			);
			runOnlyForDeploymentPostprocessing = 0;
		};
/* End PBXResourcesBuildPhase section */

/* Begin PBXSourcesBuildPhase section */
		CC5A81B02AABB1E500586168 /* Sources */ = {
			isa = PBXSourcesBuildPhase;
			buildActionMask = 2147483647;
			files = (
				CC5A81B82AABB1E500586168 /* RahalApp.swift in Sources */,
				CC28B0862AAC2811003390DE /* HomeView.swift in Sources */,
				CC5A81CC2AABB37C00586168 /* SplashView.swift in Sources */,
				CC28B0782AABB638003390DE /* GFTextField.swift in Sources */,
				CC28B0822AAC0066003390DE /* RegistrationView.swift in Sources */,
				CC28B0882AAC2D5D003390DE /* SearchBar.swift in Sources */,
				CC28B08C2AAC3BE9003390DE /* TripCard.swift in Sources */,
				CC28B07C2AABC361003390DE /* LoginView.swift in Sources */,
				CC28B0752AABB585003390DE /* TextFieldValidation.swift in Sources */,
			);
			runOnlyForDeploymentPostprocessing = 0;
		};
/* End PBXSourcesBuildPhase section */

/* Begin XCBuildConfiguration section */
		CC5A81C02AABB1E600586168 /* Debug */ = {
			isa = XCBuildConfiguration;
			buildSettings = {
				ALWAYS_SEARCH_USER_PATHS = NO;
				CLANG_ANALYZER_NONNULL = YES;
				CLANG_ANALYZER_NUMBER_OBJECT_CONVERSION = YES_AGGRESSIVE;
				CLANG_CXX_LANGUAGE_STANDARD = "gnu++20";
				CLANG_ENABLE_MODULES = YES;
				CLANG_ENABLE_OBJC_ARC = YES;
				CLANG_ENABLE_OBJC_WEAK = YES;
				CLANG_WARN_BLOCK_CAPTURE_AUTORELEASING = YES;
				CLANG_WARN_BOOL_CONVERSION = YES;
				CLANG_WARN_COMMA = YES;
				CLANG_WARN_CONSTANT_CONVERSION = YES;
				CLANG_WARN_DEPRECATED_OBJC_IMPLEMENTATIONS = YES;
				CLANG_WARN_DIRECT_OBJC_ISA_USAGE = YES_ERROR;
				CLANG_WARN_DOCUMENTATION_COMMENTS = YES;
				CLANG_WARN_EMPTY_BODY = YES;
				CLANG_WARN_ENUM_CONVERSION = YES;
				CLANG_WARN_INFINITE_RECURSION = YES;
				CLANG_WARN_INT_CONVERSION = YES;
				CLANG_WARN_NON_LITERAL_NULL_CONVERSION = YES;
				CLANG_WARN_OBJC_IMPLICIT_RETAIN_SELF = YES;
				CLANG_WARN_OBJC_LITERAL_CONVERSION = YES;
				CLANG_WARN_OBJC_ROOT_CLASS = YES_ERROR;
				CLANG_WARN_QUOTED_INCLUDE_IN_FRAMEWORK_HEADER = YES;
				CLANG_WARN_RANGE_LOOP_ANALYSIS = YES;
				CLANG_WARN_STRICT_PROTOTYPES = YES;
				CLANG_WARN_SUSPICIOUS_MOVE = YES;
				CLANG_WARN_UNGUARDED_AVAILABILITY = YES_AGGRESSIVE;
				CLANG_WARN_UNREACHABLE_CODE = YES;
				CLANG_WARN__DUPLICATE_METHOD_MATCH = YES;
				COPY_PHASE_STRIP = NO;
				DEBUG_INFORMATION_FORMAT = dwarf;
				ENABLE_STRICT_OBJC_MSGSEND = YES;
				ENABLE_TESTABILITY = YES;
				GCC_C_LANGUAGE_STANDARD = gnu11;
				GCC_DYNAMIC_NO_PIC = NO;
				GCC_NO_COMMON_BLOCKS = YES;
				GCC_OPTIMIZATION_LEVEL = 0;
				GCC_PREPROCESSOR_DEFINITIONS = (
					"DEBUG=1",
					"$(inherited)",
				);
				GCC_WARN_64_TO_32_BIT_CONVERSION = YES;
				GCC_WARN_ABOUT_RETURN_TYPE = YES_ERROR;
				GCC_WARN_UNDECLARED_SELECTOR = YES;
				GCC_WARN_UNINITIALIZED_AUTOS = YES_AGGRESSIVE;
				GCC_WARN_UNUSED_FUNCTION = YES;
				GCC_WARN_UNUSED_VARIABLE = YES;
				IPHONEOS_DEPLOYMENT_TARGET = 16.1;
				MTL_ENABLE_DEBUG_INFO = INCLUDE_SOURCE;
				MTL_FAST_MATH = YES;
				ONLY_ACTIVE_ARCH = YES;
				SDKROOT = iphoneos;
				SWIFT_ACTIVE_COMPILATION_CONDITIONS = DEBUG;
				SWIFT_OPTIMIZATION_LEVEL = "-Onone";
			};
			name = Debug;
		};
		CC5A81C12AABB1E600586168 /* Release */ = {
			isa = XCBuildConfiguration;
			buildSettings = {
				ALWAYS_SEARCH_USER_PATHS = NO;
				CLANG_ANALYZER_NONNULL = YES;
				CLANG_ANALYZER_NUMBER_OBJECT_CONVERSION = YES_AGGRESSIVE;
				CLANG_CXX_LANGUAGE_STANDARD = "gnu++20";
				CLANG_ENABLE_MODULES = YES;
				CLANG_ENABLE_OBJC_ARC = YES;
				CLANG_ENABLE_OBJC_WEAK = YES;
				CLANG_WARN_BLOCK_CAPTURE_AUTORELEASING = YES;
				CLANG_WARN_BOOL_CONVERSION = YES;
				CLANG_WARN_COMMA = YES;
				CLANG_WARN_CONSTANT_CONVERSION = YES;
				CLANG_WARN_DEPRECATED_OBJC_IMPLEMENTATIONS = YES;
				CLANG_WARN_DIRECT_OBJC_ISA_USAGE = YES_ERROR;
				CLANG_WARN_DOCUMENTATION_COMMENTS = YES;
				CLANG_WARN_EMPTY_BODY = YES;
				CLANG_WARN_ENUM_CONVERSION = YES;
				CLANG_WARN_INFINITE_RECURSION = YES;
				CLANG_WARN_INT_CONVERSION = YES;
				CLANG_WARN_NON_LITERAL_NULL_CONVERSION = YES;
				CLANG_WARN_OBJC_IMPLICIT_RETAIN_SELF = YES;
				CLANG_WARN_OBJC_LITERAL_CONVERSION = YES;
				CLANG_WARN_OBJC_ROOT_CLASS = YES_ERROR;
				CLANG_WARN_QUOTED_INCLUDE_IN_FRAMEWORK_HEADER = YES;
				CLANG_WARN_RANGE_LOOP_ANALYSIS = YES;
				CLANG_WARN_STRICT_PROTOTYPES = YES;
				CLANG_WARN_SUSPICIOUS_MOVE = YES;
				CLANG_WARN_UNGUARDED_AVAILABILITY = YES_AGGRESSIVE;
				CLANG_WARN_UNREACHABLE_CODE = YES;
				CLANG_WARN__DUPLICATE_METHOD_MATCH = YES;
				COPY_PHASE_STRIP = NO;
				DEBUG_INFORMATION_FORMAT = "dwarf-with-dsym";
				ENABLE_NS_ASSERTIONS = NO;
				ENABLE_STRICT_OBJC_MSGSEND = YES;
				GCC_C_LANGUAGE_STANDARD = gnu11;
				GCC_NO_COMMON_BLOCKS = YES;
				GCC_WARN_64_TO_32_BIT_CONVERSION = YES;
				GCC_WARN_ABOUT_RETURN_TYPE = YES_ERROR;
				GCC_WARN_UNDECLARED_SELECTOR = YES;
				GCC_WARN_UNINITIALIZED_AUTOS = YES_AGGRESSIVE;
				GCC_WARN_UNUSED_FUNCTION = YES;
				GCC_WARN_UNUSED_VARIABLE = YES;
				IPHONEOS_DEPLOYMENT_TARGET = 16.1;
				MTL_ENABLE_DEBUG_INFO = NO;
				MTL_FAST_MATH = YES;
				SDKROOT = iphoneos;
				SWIFT_COMPILATION_MODE = wholemodule;
				SWIFT_OPTIMIZATION_LEVEL = "-O";
				VALIDATE_PRODUCT = YES;
			};
			name = Release;
		};
		CC5A81C32AABB1E600586168 /* Debug */ = {
			isa = XCBuildConfiguration;
			buildSettings = {
				ASSETCATALOG_COMPILER_APPICON_NAME = AppIcon;
				ASSETCATALOG_COMPILER_GLOBAL_ACCENT_COLOR_NAME = AccentColor;
				CODE_SIGN_STYLE = Automatic;
				CURRENT_PROJECT_VERSION = 1;
				DEVELOPMENT_ASSET_PATHS = "\"Rahal/Preview Content\"";
				DEVELOPMENT_TEAM = 7HVX2YCMN6;
				ENABLE_PREVIEWS = YES;
				GENERATE_INFOPLIST_FILE = YES;
				INFOPLIST_KEY_UIApplicationSceneManifest_Generation = YES;
				INFOPLIST_KEY_UIApplicationSupportsIndirectInputEvents = YES;
				INFOPLIST_KEY_UILaunchScreen_Generation = YES;
				INFOPLIST_KEY_UISupportedInterfaceOrientations_iPad = "UIInterfaceOrientationPortrait UIInterfaceOrientationPortraitUpsideDown UIInterfaceOrientationLandscapeLeft UIInterfaceOrientationLandscapeRight";
				INFOPLIST_KEY_UISupportedInterfaceOrientations_iPhone = "UIInterfaceOrientationPortrait UIInterfaceOrientationLandscapeLeft UIInterfaceOrientationLandscapeRight";
				LD_RUNPATH_SEARCH_PATHS = (
					"$(inherited)",
					"@executable_path/Frameworks",
				);
				MARKETING_VERSION = 1.0;
				PRODUCT_BUNDLE_IDENTIFIER = works.elawady.Rahal;
				PRODUCT_NAME = "$(TARGET_NAME)";
				SWIFT_EMIT_LOC_STRINGS = YES;
				SWIFT_VERSION = 5.0;
				TARGETED_DEVICE_FAMILY = "1,2";
			};
			name = Debug;
		};
		CC5A81C42AABB1E600586168 /* Release */ = {
			isa = XCBuildConfiguration;
			buildSettings = {
				ASSETCATALOG_COMPILER_APPICON_NAME = AppIcon;
				ASSETCATALOG_COMPILER_GLOBAL_ACCENT_COLOR_NAME = AccentColor;
				CODE_SIGN_STYLE = Automatic;
				CURRENT_PROJECT_VERSION = 1;
				DEVELOPMENT_ASSET_PATHS = "\"Rahal/Preview Content\"";
				DEVELOPMENT_TEAM = 7HVX2YCMN6;
				ENABLE_PREVIEWS = YES;
				GENERATE_INFOPLIST_FILE = YES;
				INFOPLIST_KEY_UIApplicationSceneManifest_Generation = YES;
				INFOPLIST_KEY_UIApplicationSupportsIndirectInputEvents = YES;
				INFOPLIST_KEY_UILaunchScreen_Generation = YES;
				INFOPLIST_KEY_UISupportedInterfaceOrientations_iPad = "UIInterfaceOrientationPortrait UIInterfaceOrientationPortraitUpsideDown UIInterfaceOrientationLandscapeLeft UIInterfaceOrientationLandscapeRight";
				INFOPLIST_KEY_UISupportedInterfaceOrientations_iPhone = "UIInterfaceOrientationPortrait UIInterfaceOrientationLandscapeLeft UIInterfaceOrientationLandscapeRight";
				LD_RUNPATH_SEARCH_PATHS = (
					"$(inherited)",
					"@executable_path/Frameworks",
				);
				MARKETING_VERSION = 1.0;
				PRODUCT_BUNDLE_IDENTIFIER = works.elawady.Rahal;
				PRODUCT_NAME = "$(TARGET_NAME)";
				SWIFT_EMIT_LOC_STRINGS = YES;
				SWIFT_VERSION = 5.0;
				TARGETED_DEVICE_FAMILY = "1,2";
			};
			name = Release;
		};
/* End XCBuildConfiguration section */

/* Begin XCConfigurationList section */
		CC5A81AF2AABB1E500586168 /* Build configuration list for PBXProject "Rahal" */ = {
			isa = XCConfigurationList;
			buildConfigurations = (
				CC5A81C02AABB1E600586168 /* Debug */,
				CC5A81C12AABB1E600586168 /* Release */,
			);
			defaultConfigurationIsVisible = 0;
			defaultConfigurationName = Release;
		};
		CC5A81C22AABB1E600586168 /* Build configuration list for PBXNativeTarget "Rahal" */ = {
			isa = XCConfigurationList;
			buildConfigurations = (
				CC5A81C32AABB1E600586168 /* Debug */,
				CC5A81C42AABB1E600586168 /* Release */,
			);
			defaultConfigurationIsVisible = 0;
			defaultConfigurationName = Release;
		};
/* End XCConfigurationList section */
	};
	rootObject = CC5A81AC2AABB1E500586168 /* Project object */;
}
